
Microsoft Visual Studio Solution File, Format Version 12.00
# Visual Studio 15
VisualStudioVersion = 15.0.28010.0
MinimumVisualStudioVersion = 10.0.40219.1
Project("{9A19103F-16F7-4668-BE54-9A1E7A4F7556}") = "oAuth2ClientCredentials", "oAuth2ClientCredentials\oAuth2ClientCredentials.csproj", "{FC6AC847-AB0A-4976-831B-E8273FEC0C3F}"
EndProject
Global
	GlobalSection(SolutionConfigurationPlatforms) = preSolution
		Debug|Any CPU = Debug|Any CPU
		Release|Any CPU = Release|Any CPU
	EndGlobalSection
	GlobalSection(ProjectConfigurationPlatforms) = postSolution
		{FC6AC847-AB0A-4976-831B-E8273FEC0C3F}.Debug|Any CPU.ActiveCfg = Debug|Any CPU
		{FC6AC847-AB0A-4976-831B-E8273FEC0C3F}.Debug|Any CPU.Build.0 = Debug|Any CPU
		{FC6AC847-AB0A-4976-831B-E8273FEC0C3F}.Release|Any CPU.ActiveCfg = Release|Any CPU
		{FC6AC847-AB0A-4976-831B-E8273FEC0C3F}.Release|Any CPU.Build.0 = Release|Any CPU
	EndGlobalSection
	GlobalSection(SolutionProperties) = preSolution
		HideSolutionNode = FALSE
	EndGlobalSection
	GlobalSection(ExtensibilityGlobals) = postSolution
		SolutionGuid = {B02DB1B0-228D-4B06-B9F5-56ADC5F1E9B2}
	EndGlobalSection
EndGlobal
